
Microsoft Visual Studio Solution File, Format Version 12.00
# Visual Studio 15
VisualStudioVersion = 15.0.27703.2047
MinimumVisualStudioVersion = 10.0.40219.1
Project("{FAE04EC0-301F-11D3-BF4B-00C04F79EFBC}") = "TeleTimeTest", "TeleTimeTest\TeleTimeTest.csproj", "{E53AB7CC-632B-4797-B606-D5F9FD2529A0}"
EndProject
Global
	GlobalSection(SolutionConfigurationPlatforms) = preSolution
		Debug|Any CPU = Debug|Any CPU
		Release|Any CPU = Release|Any CPU
	EndGlobalSection
	GlobalSection(ProjectConfigurationPlatforms) = postSolution
		{E53AB7CC-632B-4797-B606-D5F9FD2529A0}.Debug|Any CPU.ActiveCfg = Debug|Any CPU
		{E53AB7CC-632B-4797-B606-D5F9FD2529A0}.Debug|Any CPU.Build.0 = Debug|Any CPU
		{E53AB7CC-632B-4797-B606-D5F9FD2529A0}.Release|Any CPU.ActiveCfg = Release|Any CPU
		{E53AB7CC-632B-4797-B606-D5F9FD2529A0}.Release|Any CPU.Build.0 = Release|Any CPU
	EndGlobalSection
	GlobalSection(SolutionProperties) = preSolution
		HideSolutionNode = FALSE
	EndGlobalSection
	GlobalSection(ExtensibilityGlobals) = postSolution
		SolutionGuid = {C86F9B53-5160-43B1-B6C1-9C59D7F86432}
	EndGlobalSection
EndGlobal
